
Microsoft Visual Studio Solution File, Format Version 12.00
# Visual Studio Version 16
VisualStudioVersion = 16.0.30611.23
MinimumVisualStudioVersion = 10.0.40219.1
Project("{FAE04EC0-301F-11D3-BF4B-00C04F79EFBC}") = "HX.GenerateCode", "HX.GenerateCode\HX.GenerateCode.csproj", "{2E911B46-097F-4EA3-A1FE-CC0FD7DEACB3}"
EndProject
Global
	GlobalSection(SolutionConfigurationPlatforms) = preSolution
		Debug|Any CPU = Debug|Any CPU
		Release|Any CPU = Release|Any CPU
	EndGlobalSection
	GlobalSection(ProjectConfigurationPlatforms) = postSolution
		{2E911B46-097F-4EA3-A1FE-CC0FD7DEACB3}.Debug|Any CPU.ActiveCfg = Debug|Any CPU
		{2E911B46-097F-4EA3-A1FE-CC0FD7DEACB3}.Debug|Any CPU.Build.0 = Debug|Any CPU
		{2E911B46-097F-4EA3-A1FE-CC0FD7DEACB3}.Release|Any CPU.ActiveCfg = Release|Any CPU
		{2E911B46-097F-4EA3-A1FE-CC0FD7DEACB3}.Release|Any CPU.Build.0 = Release|Any CPU
	EndGlobalSection
	GlobalSection(SolutionProperties) = preSolution
		HideSolutionNode = FALSE
	EndGlobalSection
	GlobalSection(ExtensibilityGlobals) = postSolution
		SolutionGuid = {23D85FC1-9EA3-474A-B604-2987CE888AF7}
	EndGlobalSection
EndGlobal
